
Microsoft Visual Studio Solution File, Format Version 12.00
# Visual Studio Version 17
VisualStudioVersion = 17.7.34024.191
MinimumVisualStudioVersion = 10.0.40219.1
Project("{FAE04EC0-301F-11D3-BF4B-00C04F79EFBC}") = "Felvételi", "Felvételi\Felvételi.csproj", "{331F9E04-69ED-4331-AE96-AC702A496EE8}"
EndProject
Global
	GlobalSection(SolutionConfigurationPlatforms) = preSolution
		Debug|Any CPU = Debug|Any CPU
		Release|Any CPU = Release|Any CPU
	EndGlobalSection
	GlobalSection(ProjectConfigurationPlatforms) = postSolution
		{331F9E04-69ED-4331-AE96-AC702A496EE8}.Debug|Any CPU.ActiveCfg = Debug|Any CPU
		{331F9E04-69ED-4331-AE96-AC702A496EE8}.Debug|Any CPU.Build.0 = Debug|Any CPU
		{331F9E04-69ED-4331-AE96-AC702A496EE8}.Release|Any CPU.ActiveCfg = Release|Any CPU
		{331F9E04-69ED-4331-AE96-AC702A496EE8}.Release|Any CPU.Build.0 = Release|Any CPU
	EndGlobalSection
	GlobalSection(SolutionProperties) = preSolution
		HideSolutionNode = FALSE
	EndGlobalSection
	GlobalSection(ExtensibilityGlobals) = postSolution
		SolutionGuid = {D677DC03-70E0-416A-BB0A-921F6420CFD7}
	EndGlobalSection
EndGlobal
